
Microsoft Visual Studio Solution File, Format Version 12.00
# Visual Studio Version 17
VisualStudioVersion = 17.8.34322.80
MinimumVisualStudioVersion = 10.0.40219.1
Project("{9A19103F-16F7-4668-BE54-9A1E7A4F7556}") = "EventHubSolution.BackendServer", "src\EventHubSolution.BackendServer\EventHubSolution.BackendServer.csproj", "{006EFB80-26C5-4945-A70C-EE107C9B71FB}"
EndProject
Project("{2150E333-8FDC-42A3-9474-1A3956D46DE8}") = "Tests", "Tests", "{B4D46B7B-471B-46C3-B096-D9D9E1C37A84}"
EndProject
Project("{9A19103F-16F7-4668-BE54-9A1E7A4F7556}") = "EventHubSolution.BackendServer.UnitTest", "test\EventHubSolution.BackendServer.UnitTest\EventHubSolution.BackendServer.UnitTest.csproj", "{FE36756B-BFB4-4691-8E55-9EC60B73C9C9}"
EndProject
Project("{9A19103F-16F7-4668-BE54-9A1E7A4F7556}") = "EventHubSolution.ViewModels.UnitTest", "test\EventHubSolution.ViewModels.UnitTest\EventHubSolution.ViewModels.UnitTest.csproj", "{1DCDBB74-4440-4689-9CD1-33E580817D2C}"
EndProject
Project("{FAE04EC0-301F-11D3-BF4B-00C04F79EFBC}") = "EventHubSolution.ViewModels", "src\EventHubSolution.ViewModels\EventHubSolution.ViewModels.csproj", "{08199B6B-A90B-4FB0-85AE-188959F78C7B}"
EndProject
Global
	GlobalSection(SolutionConfigurationPlatforms) = preSolution
		Debug|Any CPU = Debug|Any CPU
		Release|Any CPU = Release|Any CPU
	EndGlobalSection
	GlobalSection(ProjectConfigurationPlatforms) = postSolution
		{006EFB80-26C5-4945-A70C-EE107C9B71FB}.Debug|Any CPU.ActiveCfg = Debug|Any CPU
		{006EFB80-26C5-4945-A70C-EE107C9B71FB}.Debug|Any CPU.Build.0 = Debug|Any CPU
		{006EFB80-26C5-4945-A70C-EE107C9B71FB}.Release|Any CPU.ActiveCfg = Release|Any CPU
		{006EFB80-26C5-4945-A70C-EE107C9B71FB}.Release|Any CPU.Build.0 = Release|Any CPU
		{FE36756B-BFB4-4691-8E55-9EC60B73C9C9}.Debug|Any CPU.ActiveCfg = Debug|Any CPU
		{FE36756B-BFB4-4691-8E55-9EC60B73C9C9}.Debug|Any CPU.Build.0 = Debug|Any CPU
		{FE36756B-BFB4-4691-8E55-9EC60B73C9C9}.Release|Any CPU.ActiveCfg = Release|Any CPU
		{FE36756B-BFB4-4691-8E55-9EC60B73C9C9}.Release|Any CPU.Build.0 = Release|Any CPU
		{1DCDBB74-4440-4689-9CD1-33E580817D2C}.Debug|Any CPU.ActiveCfg = Debug|Any CPU
		{1DCDBB74-4440-4689-9CD1-33E580817D2C}.Debug|Any CPU.Build.0 = Debug|Any CPU
		{1DCDBB74-4440-4689-9CD1-33E580817D2C}.Release|Any CPU.ActiveCfg = Release|Any CPU
		{1DCDBB74-4440-4689-9CD1-33E580817D2C}.Release|Any CPU.Build.0 = Release|Any CPU
		{08199B6B-A90B-4FB0-85AE-188959F78C7B}.Debug|Any CPU.ActiveCfg = Debug|Any CPU
		{08199B6B-A90B-4FB0-85AE-188959F78C7B}.Debug|Any CPU.Build.0 = Debug|Any CPU
		{08199B6B-A90B-4FB0-85AE-188959F78C7B}.Release|Any CPU.ActiveCfg = Release|Any CPU
		{08199B6B-A90B-4FB0-85AE-188959F78C7B}.Release|Any CPU.Build.0 = Release|Any CPU
	EndGlobalSection
	GlobalSection(SolutionProperties) = preSolution
		HideSolutionNode = FALSE
	EndGlobalSection
	GlobalSection(NestedProjects) = preSolution
		{FE36756B-BFB4-4691-8E55-9EC60B73C9C9} = {B4D46B7B-471B-46C3-B096-D9D9E1C37A84}
		{1DCDBB74-4440-4689-9CD1-33E580817D2C} = {B4D46B7B-471B-46C3-B096-D9D9E1C37A84}
	EndGlobalSection
	GlobalSection(ExtensibilityGlobals) = postSolution
		SolutionGuid = {596C8FB4-A82D-4962-BFE3-3DE081CF0A1A}
	EndGlobalSection
EndGlobal
