
Microsoft Visual Studio Solution File, Format Version 12.00
# Visual Studio Version 17
VisualStudioVersion = 17.8.34322.80
MinimumVisualStudioVersion = 10.0.40219.1
Project("{9A19103F-16F7-4668-BE54-9A1E7A4F7556}") = "EventHubSolution.BackendServer", "src\EventHubSolution.BackendServer\EventHubSolution.BackendServer.csproj", "{006EFB80-26C5-4945-A70C-EE107C9B71FB}"
EndProject
Project("{9A19103F-16F7-4668-BE54-9A1E7A4F7556}") = "EventHubSolution.ViewModels", "src\EventHubSolution.ViewModels\EventHubSolution.ViewModels.csproj", "{08199B6B-A90B-4FB0-85AE-188959F78C7B}"
EndProject
Project("{2150E333-8FDC-42A3-9474-1A3956D46DE8}") = "Solution Items", "Solution Items", "{72397F66-6036-4975-9C7F-6A25B81B23F7}"
	ProjectSection(SolutionItems) = preProject
		.gitattributes = .gitattributes
		.gitignore = .gitignore
		docker-compose.elastic.yaml = docker-compose.elastic.yaml
		docker-compose.override.yaml = docker-compose.override.yaml
		docker-compose.yaml = docker-compose.yaml
		Dockerfile = Dockerfile
		global.json.txt = global.json.txt
		LICENSE.txt = LICENSE.txt
		README.md = README.md
	EndProjectSection
EndProject
Global
	GlobalSection(SolutionConfigurationPlatforms) = preSolution
		Debug|Any CPU = Debug|Any CPU
		Release|Any CPU = Release|Any CPU
	EndGlobalSection
	GlobalSection(ProjectConfigurationPlatforms) = postSolution
		{006EFB80-26C5-4945-A70C-EE107C9B71FB}.Debug|Any CPU.ActiveCfg = Debug|Any CPU
		{006EFB80-26C5-4945-A70C-EE107C9B71FB}.Debug|Any CPU.Build.0 = Debug|Any CPU
		{006EFB80-26C5-4945-A70C-EE107C9B71FB}.Release|Any CPU.ActiveCfg = Release|Any CPU
		{006EFB80-26C5-4945-A70C-EE107C9B71FB}.Release|Any CPU.Build.0 = Release|Any CPU
		{08199B6B-A90B-4FB0-85AE-188959F78C7B}.Debug|Any CPU.ActiveCfg = Debug|Any CPU
		{08199B6B-A90B-4FB0-85AE-188959F78C7B}.Debug|Any CPU.Build.0 = Debug|Any CPU
		{08199B6B-A90B-4FB0-85AE-188959F78C7B}.Release|Any CPU.ActiveCfg = Release|Any CPU
		{08199B6B-A90B-4FB0-85AE-188959F78C7B}.Release|Any CPU.Build.0 = Release|Any CPU
	EndGlobalSection
	GlobalSection(SolutionProperties) = preSolution
		HideSolutionNode = FALSE
	EndGlobalSection
	GlobalSection(NestedProjects) = preSolution
	EndGlobalSection
	GlobalSection(ExtensibilityGlobals) = postSolution
		SolutionGuid = {596C8FB4-A82D-4962-BFE3-3DE081CF0A1A}
	EndGlobalSection
EndGlobal
